
Microsoft Visual Studio Solution File, Format Version 12.00
# Visual Studio Version 17
VisualStudioVersion = 17.2.32630.192
MinimumVisualStudioVersion = 10.0.40219.1
Project("{9A19103F-16F7-4668-BE54-9A1E7A4F7556}") = "BufTools.FluentValidation.Aggregation", "BufTools.FluentValidation.Aggregation\BufTools.FluentValidation.Aggregation.csproj", "{5CBFF0BA-9B4E-4F5A-9BEB-59E93E553C46}"
EndProject
Project("{9A19103F-16F7-4668-BE54-9A1E7A4F7556}") = "MultiValidationTests", "MultiValidationTests\MultiValidationTests.csproj", "{64D8B06D-98E8-4801-9DEC-200A7C65BBA8}"
EndProject
Project("{FAE04EC0-301F-11D3-BF4B-00C04F79EFBC}") = "BufTools.FluentValidation.TestByExample", "BufTools.FluentValidation.TestByExample\BufTools.FluentValidation.TestByExample.csproj", "{2C1E64A5-96D5-415C-BF0A-8F69990F7794}"
EndProject
Global
	GlobalSection(SolutionConfigurationPlatforms) = preSolution
		Debug|Any CPU = Debug|Any CPU
		Release|Any CPU = Release|Any CPU
	EndGlobalSection
	GlobalSection(ProjectConfigurationPlatforms) = postSolution
		{5CBFF0BA-9B4E-4F5A-9BEB-59E93E553C46}.Debug|Any CPU.ActiveCfg = Debug|Any CPU
		{5CBFF0BA-9B4E-4F5A-9BEB-59E93E553C46}.Debug|Any CPU.Build.0 = Debug|Any CPU
		{5CBFF0BA-9B4E-4F5A-9BEB-59E93E553C46}.Release|Any CPU.ActiveCfg = Release|Any CPU
		{5CBFF0BA-9B4E-4F5A-9BEB-59E93E553C46}.Release|Any CPU.Build.0 = Release|Any CPU
		{64D8B06D-98E8-4801-9DEC-200A7C65BBA8}.Debug|Any CPU.ActiveCfg = Debug|Any CPU
		{64D8B06D-98E8-4801-9DEC-200A7C65BBA8}.Debug|Any CPU.Build.0 = Debug|Any CPU
		{64D8B06D-98E8-4801-9DEC-200A7C65BBA8}.Release|Any CPU.ActiveCfg = Release|Any CPU
		{64D8B06D-98E8-4801-9DEC-200A7C65BBA8}.Release|Any CPU.Build.0 = Release|Any CPU
		{2C1E64A5-96D5-415C-BF0A-8F69990F7794}.Debug|Any CPU.ActiveCfg = Debug|Any CPU
		{2C1E64A5-96D5-415C-BF0A-8F69990F7794}.Debug|Any CPU.Build.0 = Debug|Any CPU
		{2C1E64A5-96D5-415C-BF0A-8F69990F7794}.Release|Any CPU.ActiveCfg = Release|Any CPU
		{2C1E64A5-96D5-415C-BF0A-8F69990F7794}.Release|Any CPU.Build.0 = Release|Any CPU
	EndGlobalSection
	GlobalSection(SolutionProperties) = preSolution
		HideSolutionNode = FALSE
	EndGlobalSection
	GlobalSection(ExtensibilityGlobals) = postSolution
		SolutionGuid = {E59F9BBA-62CE-4151-9579-51CB7E138925}
	EndGlobalSection
EndGlobal
